
Microsoft Visual Studio Solution File, Format Version 12.00
# Visual Studio Version 16
VisualStudioVersion = 16.0.29020.237
MinimumVisualStudioVersion = 10.0.40219.1
Project("{FAE04EC0-301F-11D3-BF4B-00C04F79EFBC}") = "PracticeChinese", "PracticeChinese\PracticeChinese.csproj", "{0AA98C1A-BFDB-447F-8C8F-8E88607B8A33}"
EndProject
Global
	GlobalSection(SolutionConfigurationPlatforms) = preSolution
		Debug|Any CPU = Debug|Any CPU
		Release|Any CPU = Release|Any CPU
	EndGlobalSection
	GlobalSection(ProjectConfigurationPlatforms) = postSolution
		{0AA98C1A-BFDB-447F-8C8F-8E88607B8A33}.Debug|Any CPU.ActiveCfg = Debug|Any CPU
		{0AA98C1A-BFDB-447F-8C8F-8E88607B8A33}.Debug|Any CPU.Build.0 = Debug|Any CPU
		{0AA98C1A-BFDB-447F-8C8F-8E88607B8A33}.Release|Any CPU.ActiveCfg = Release|Any CPU
		{0AA98C1A-BFDB-447F-8C8F-8E88607B8A33}.Release|Any CPU.Build.0 = Release|Any CPU
	EndGlobalSection
	GlobalSection(SolutionProperties) = preSolution
		HideSolutionNode = FALSE
	EndGlobalSection
	GlobalSection(ExtensibilityGlobals) = postSolution
		SolutionGuid = {52918BA7-8387-4565-B4FB-8648967FE98C}
	EndGlobalSection
EndGlobal
